
Microsoft Visual Studio Solution File, Format Version 12.00
Project("{FAE04EC0-301F-11D3-BF4B-00C04F79EFBC}") = "MetanitExplorer", "MetanitExplorer\MetanitExplorer.csproj", "{4837E3ED-8D06-453A-87B3-E7A65A12C732}"
EndProject
Global
	GlobalSection(SolutionConfigurationPlatforms) = preSolution
		Debug|Any CPU = Debug|Any CPU
		Release|Any CPU = Release|Any CPU
	EndGlobalSection
	GlobalSection(ProjectConfigurationPlatforms) = postSolution
		{4837E3ED-8D06-453A-87B3-E7A65A12C732}.Debug|Any CPU.ActiveCfg = Debug|Any CPU
		{4837E3ED-8D06-453A-87B3-E7A65A12C732}.Debug|Any CPU.Build.0 = Debug|Any CPU
		{4837E3ED-8D06-453A-87B3-E7A65A12C732}.Release|Any CPU.ActiveCfg = Release|Any CPU
		{4837E3ED-8D06-453A-87B3-E7A65A12C732}.Release|Any CPU.Build.0 = Release|Any CPU
	EndGlobalSection
EndGlobal
